
Microsoft Visual Studio Solution File, Format Version 12.00
# Visual Studio Version 17
VisualStudioVersion = 17.5.33627.172
MinimumVisualStudioVersion = 10.0.40219.1
Project("{FAE04EC0-301F-11D3-BF4B-00C04F79EFBC}") = "SubirArchivoGraph", "SubirArchivoGraph\SubirArchivoGraph.csproj", "{C4693920-9C06-4A23-83DA-B0516A0E46DC}"
EndProject
Global
	GlobalSection(SolutionConfigurationPlatforms) = preSolution
		Debug|Any CPU = Debug|Any CPU
		Release|Any CPU = Release|Any CPU
	EndGlobalSection
	GlobalSection(ProjectConfigurationPlatforms) = postSolution
		{C4693920-9C06-4A23-83DA-B0516A0E46DC}.Debug|Any CPU.ActiveCfg = Debug|Any CPU
		{C4693920-9C06-4A23-83DA-B0516A0E46DC}.Debug|Any CPU.Build.0 = Debug|Any CPU
		{C4693920-9C06-4A23-83DA-B0516A0E46DC}.Release|Any CPU.ActiveCfg = Release|Any CPU
		{C4693920-9C06-4A23-83DA-B0516A0E46DC}.Release|Any CPU.Build.0 = Release|Any CPU
	EndGlobalSection
	GlobalSection(SolutionProperties) = preSolution
		HideSolutionNode = FALSE
	EndGlobalSection
	GlobalSection(ExtensibilityGlobals) = postSolution
		SolutionGuid = {93E0312C-2EFE-49EF-85A9-6A569DEC282A}
	EndGlobalSection
EndGlobal
